
Microsoft Visual Studio Solution File, Format Version 12.00
# Visual Studio 15
VisualStudioVersion = 15.0.27428.2037
MinimumVisualStudioVersion = 10.0.40219.1
Project("{FAE04EC0-301F-11D3-BF4B-00C04F79EFBC}") = "lab2_linearTable", "lab2_linearTable\lab2_linearTable.csproj", "{66797D1F-A879-4D11-B976-76C70EBBD5F1}"
EndProject
Global
	GlobalSection(SolutionConfigurationPlatforms) = preSolution
		Debug|Any CPU = Debug|Any CPU
		Release|Any CPU = Release|Any CPU
	EndGlobalSection
	GlobalSection(ProjectConfigurationPlatforms) = postSolution
		{66797D1F-A879-4D11-B976-76C70EBBD5F1}.Debug|Any CPU.ActiveCfg = Debug|Any CPU
		{66797D1F-A879-4D11-B976-76C70EBBD5F1}.Debug|Any CPU.Build.0 = Debug|Any CPU
		{66797D1F-A879-4D11-B976-76C70EBBD5F1}.Release|Any CPU.ActiveCfg = Release|Any CPU
		{66797D1F-A879-4D11-B976-76C70EBBD5F1}.Release|Any CPU.Build.0 = Release|Any CPU
	EndGlobalSection
	GlobalSection(SolutionProperties) = preSolution
		HideSolutionNode = FALSE
	EndGlobalSection
	GlobalSection(ExtensibilityGlobals) = postSolution
		SolutionGuid = {95DE4F9E-A154-460F-9382-356FDD253384}
	EndGlobalSection
EndGlobal
