
Microsoft Visual Studio Solution File, Format Version 12.00
# Visual Studio 15
VisualStudioVersion = 15.0.28307.102
MinimumVisualStudioVersion = 10.0.40219.1
Project("{FAE04EC0-301F-11D3-BF4B-00C04F79EFBC}") = "dfa", "dfaBondarenko\dfa.csproj", "{B2ED6A73-FCB8-4E09-9BD4-2FFD24A9EF57}"
EndProject
Global
	GlobalSection(SolutionConfigurationPlatforms) = preSolution
		Debug|Any CPU = Debug|Any CPU
		Release|Any CPU = Release|Any CPU
	EndGlobalSection
	GlobalSection(ProjectConfigurationPlatforms) = postSolution
		{B2ED6A73-FCB8-4E09-9BD4-2FFD24A9EF57}.Debug|Any CPU.ActiveCfg = Debug|Any CPU
		{B2ED6A73-FCB8-4E09-9BD4-2FFD24A9EF57}.Debug|Any CPU.Build.0 = Debug|Any CPU
		{B2ED6A73-FCB8-4E09-9BD4-2FFD24A9EF57}.Release|Any CPU.ActiveCfg = Release|Any CPU
		{B2ED6A73-FCB8-4E09-9BD4-2FFD24A9EF57}.Release|Any CPU.Build.0 = Release|Any CPU
	EndGlobalSection
	GlobalSection(SolutionProperties) = preSolution
		HideSolutionNode = FALSE
	EndGlobalSection
	GlobalSection(ExtensibilityGlobals) = postSolution
		SolutionGuid = {736B77F4-7D3C-4358-B151-1224E5F037D8}
	EndGlobalSection
EndGlobal
