
Microsoft Visual Studio Solution File, Format Version 12.00
# Visual Studio 15
VisualStudioVersion = 15.0.28010.2026
MinimumVisualStudioVersion = 10.0.40219.1
Project("{FAE04EC0-301F-11D3-BF4B-00C04F79EFBC}") = "archcomp1", "archcomp1\archcomp1.csproj", "{DA18488D-A37D-4DEC-8909-568F1CEB3312}"
EndProject
Global
	GlobalSection(SolutionConfigurationPlatforms) = preSolution
		Debug|Any CPU = Debug|Any CPU
		Release|Any CPU = Release|Any CPU
	EndGlobalSection
	GlobalSection(ProjectConfigurationPlatforms) = postSolution
		{DA18488D-A37D-4DEC-8909-568F1CEB3312}.Debug|Any CPU.ActiveCfg = Debug|Any CPU
		{DA18488D-A37D-4DEC-8909-568F1CEB3312}.Debug|Any CPU.Build.0 = Debug|Any CPU
		{DA18488D-A37D-4DEC-8909-568F1CEB3312}.Release|Any CPU.ActiveCfg = Release|Any CPU
		{DA18488D-A37D-4DEC-8909-568F1CEB3312}.Release|Any CPU.Build.0 = Release|Any CPU
	EndGlobalSection
	GlobalSection(SolutionProperties) = preSolution
		HideSolutionNode = FALSE
	EndGlobalSection
	GlobalSection(ExtensibilityGlobals) = postSolution
		SolutionGuid = {98BA613D-8294-47AA-8679-53E9AC9F48DB}
	EndGlobalSection
EndGlobal
