
Microsoft Visual Studio Solution File, Format Version 12.00
# Visual Studio Version 16
VisualStudioVersion = 16.0.29306.81
MinimumVisualStudioVersion = 10.0.40219.1
Project("{FAE04EC0-301F-11D3-BF4B-00C04F79EFBC}") = "TuringMachine", "TuringMachine\TuringMachine.csproj", "{86F499D1-2490-4138-AD36-27CA6EC4488C}"
EndProject
Project("{FAE04EC0-301F-11D3-BF4B-00C04F79EFBC}") = "TuringMachineTests", "TuringMachineTests\TuringMachineTests.csproj", "{3C8771FA-FF20-4FD7-8CC0-3DEF35127F60}"
EndProject
Global
	GlobalSection(SolutionConfigurationPlatforms) = preSolution
		Debug|Any CPU = Debug|Any CPU
		Release|Any CPU = Release|Any CPU
	EndGlobalSection
	GlobalSection(ProjectConfigurationPlatforms) = postSolution
		{86F499D1-2490-4138-AD36-27CA6EC4488C}.Debug|Any CPU.ActiveCfg = Debug|Any CPU
		{86F499D1-2490-4138-AD36-27CA6EC4488C}.Debug|Any CPU.Build.0 = Debug|Any CPU
		{86F499D1-2490-4138-AD36-27CA6EC4488C}.Release|Any CPU.ActiveCfg = Release|Any CPU
		{86F499D1-2490-4138-AD36-27CA6EC4488C}.Release|Any CPU.Build.0 = Release|Any CPU
		{3C8771FA-FF20-4FD7-8CC0-3DEF35127F60}.Debug|Any CPU.ActiveCfg = Debug|Any CPU
		{3C8771FA-FF20-4FD7-8CC0-3DEF35127F60}.Debug|Any CPU.Build.0 = Debug|Any CPU
		{3C8771FA-FF20-4FD7-8CC0-3DEF35127F60}.Release|Any CPU.ActiveCfg = Release|Any CPU
		{3C8771FA-FF20-4FD7-8CC0-3DEF35127F60}.Release|Any CPU.Build.0 = Release|Any CPU
	EndGlobalSection
	GlobalSection(SolutionProperties) = preSolution
		HideSolutionNode = FALSE
	EndGlobalSection
	GlobalSection(ExtensibilityGlobals) = postSolution
		SolutionGuid = {EA99C993-AAF3-46CE-9788-DE024FFD7EBE}
	EndGlobalSection
EndGlobal
